// !$*UTF8*$!
{
	archiveVersion = 1;
	classes = {
	};
	objectVersion = 56;
	objects = {

/* Begin PBXBuildFile section */
		AA000001 /* TreVociApp.swift in Sources */ = {isa = PBXBuildFile; fileRef = AB000001 /* TreVociApp.swift */; };
		AA000002 /* Color+Theme.swift in Sources */ = {isa = PBXBuildFile; fileRef = AB000002 /* Color+Theme.swift */; };
		AA000003 /* Language.swift in Sources */ = {isa = PBXBuildFile; fileRef = AB000003 /* Language.swift */; };
		AA000004 /* Song.swift in Sources */ = {isa = PBXBuildFile; fileRef = AB000004 /* Song.swift */; };
		AA000005 /* AppState.swift in Sources */ = {isa = PBXBuildFile; fileRef = AB000005 /* AppState.swift */; };
		AA000006 /* PersistenceService.swift in Sources */ = {isa = PBXBuildFile; fileRef = AB000006 /* PersistenceService.swift */; };
		AA000007 /* SongCatalogService.swift in Sources */ = {isa = PBXBuildFile; fileRef = AB000007 /* SongCatalogService.swift */; };
		AA000008 /* PreviewData.swift in Sources */ = {isa = PBXBuildFile; fileRef = AB000008 /* PreviewData.swift */; };
		AA000009 /* Assets.xcassets in Resources */ = {isa = PBXBuildFile; fileRef = AB000009 /* Assets.xcassets */; };
		AA000010 /* SongCatalog.json in Resources */ = {isa = PBXBuildFile; fileRef = AB000010 /* SongCatalog.json */; };
		AA000011 /* AudioService.swift in Sources */ = {isa = PBXBuildFile; fileRef = AB000011 /* AudioService.swift */; };
		AA000012 /* Audio in Resources */ = {isa = PBXBuildFile; fileRef = AB000012 /* Audio */; };
		AA000013 /* SplashView.swift in Sources */ = {isa = PBXBuildFile; fileRef = AB000013 /* SplashView.swift */; };
		AA000014 /* OnboardingContainer.swift in Sources */ = {isa = PBXBuildFile; fileRef = AB000014 /* OnboardingContainer.swift */; };
		AA000015 /* NameStep.swift in Sources */ = {isa = PBXBuildFile; fileRef = AB000015 /* NameStep.swift */; };
		AA000016 /* LanguageStep.swift in Sources */ = {isa = PBXBuildFile; fileRef = AB000016 /* LanguageStep.swift */; };
		AA000017 /* SpeakerStep.swift in Sources */ = {isa = PBXBuildFile; fileRef = AB000017 /* SpeakerStep.swift */; };
		AA000018 /* HomeViewModel.swift in Sources */ = {isa = PBXBuildFile; fileRef = AB000018 /* HomeViewModel.swift */; };
		AA000019 /* HomeView.swift in Sources */ = {isa = PBXBuildFile; fileRef = AB000019 /* HomeView.swift */; };
		AA000020 /* DailyMixCard.swift in Sources */ = {isa = PBXBuildFile; fileRef = AB000021 /* DailyMixCard.swift */; };
		AA000021 /* SongCard.swift in Sources */ = {isa = PBXBuildFile; fileRef = AB000022 /* SongCard.swift */; };
		AA000022 /* CultureSection.swift in Sources */ = {isa = PBXBuildFile; fileRef = AB000023 /* CultureSection.swift */; };
		AA000023 /* PlayerViewModel.swift in Sources */ = {isa = PBXBuildFile; fileRef = AB000024 /* PlayerViewModel.swift */; };
		AA000024 /* PlayerView.swift in Sources */ = {isa = PBXBuildFile; fileRef = AB000025 /* PlayerView.swift */; };
		AA000025 /* LyricsView.swift in Sources */ = {isa = PBXBuildFile; fileRef = AB000026 /* LyricsView.swift */; };
		AA000026 /* LanguagePicker.swift in Sources */ = {isa = PBXBuildFile; fileRef = AB000027 /* LanguagePicker.swift */; };
		AA000027 /* ProgressBar.swift in Sources */ = {isa = PBXBuildFile; fileRef = AB000028 /* ProgressBar.swift */; };
/* End PBXBuildFile section */

/* Begin PBXFileReference section */
		AB000001 /* TreVociApp.swift */ = {isa = PBXFileReference; lastKnownFileType = sourcecode.swift; path = TreVociApp.swift; sourceTree = "<group>"; };
		AB000002 /* Color+Theme.swift */ = {isa = PBXFileReference; lastKnownFileType = sourcecode.swift; path = "Color+Theme.swift"; sourceTree = "<group>"; };
		AB000003 /* Language.swift */ = {isa = PBXFileReference; lastKnownFileType = sourcecode.swift; path = Language.swift; sourceTree = "<group>"; };
		AB000004 /* Song.swift */ = {isa = PBXFileReference; lastKnownFileType = sourcecode.swift; path = Song.swift; sourceTree = "<group>"; };
		AB000005 /* AppState.swift */ = {isa = PBXFileReference; lastKnownFileType = sourcecode.swift; path = AppState.swift; sourceTree = "<group>"; };
		AB000006 /* PersistenceService.swift */ = {isa = PBXFileReference; lastKnownFileType = sourcecode.swift; path = PersistenceService.swift; sourceTree = "<group>"; };
		AB000007 /* SongCatalogService.swift */ = {isa = PBXFileReference; lastKnownFileType = sourcecode.swift; path = SongCatalogService.swift; sourceTree = "<group>"; };
		AB000008 /* PreviewData.swift */ = {isa = PBXFileReference; lastKnownFileType = sourcecode.swift; path = PreviewData.swift; sourceTree = "<group>"; };
		AB000009 /* Assets.xcassets */ = {isa = PBXFileReference; lastKnownFileType = folder.assetcatalog; path = Assets.xcassets; sourceTree = "<group>"; };
		AB000010 /* SongCatalog.json */ = {isa = PBXFileReference; lastKnownFileType = text.json; path = SongCatalog.json; sourceTree = "<group>"; };
		AB000011 /* AudioService.swift */ = {isa = PBXFileReference; lastKnownFileType = sourcecode.swift; path = AudioService.swift; sourceTree = "<group>"; };
		AB000012 /* Audio */ = {isa = PBXFileReference; lastKnownFileType = folder; path = Audio; sourceTree = "<group>"; };
		AB000013 /* SplashView.swift */ = {isa = PBXFileReference; lastKnownFileType = sourcecode.swift; path = SplashView.swift; sourceTree = "<group>"; };
		AB000014 /* OnboardingContainer.swift */ = {isa = PBXFileReference; lastKnownFileType = sourcecode.swift; path = OnboardingContainer.swift; sourceTree = "<group>"; };
		AB000015 /* NameStep.swift */ = {isa = PBXFileReference; lastKnownFileType = sourcecode.swift; path = NameStep.swift; sourceTree = "<group>"; };
		AB000016 /* LanguageStep.swift */ = {isa = PBXFileReference; lastKnownFileType = sourcecode.swift; path = LanguageStep.swift; sourceTree = "<group>"; };
		AB000017 /* SpeakerStep.swift */ = {isa = PBXFileReference; lastKnownFileType = sourcecode.swift; path = SpeakerStep.swift; sourceTree = "<group>"; };
		AB000018 /* HomeViewModel.swift */ = {isa = PBXFileReference; lastKnownFileType = sourcecode.swift; path = HomeViewModel.swift; sourceTree = "<group>"; };
		AB000019 /* HomeView.swift */ = {isa = PBXFileReference; lastKnownFileType = sourcecode.swift; path = HomeView.swift; sourceTree = "<group>"; };
		AB000021 /* DailyMixCard.swift */ = {isa = PBXFileReference; lastKnownFileType = sourcecode.swift; path = DailyMixCard.swift; sourceTree = "<group>"; };
		AB000022 /* SongCard.swift */ = {isa = PBXFileReference; lastKnownFileType = sourcecode.swift; path = SongCard.swift; sourceTree = "<group>"; };
		AB000023 /* CultureSection.swift */ = {isa = PBXFileReference; lastKnownFileType = sourcecode.swift; path = CultureSection.swift; sourceTree = "<group>"; };
		AB000024 /* PlayerViewModel.swift */ = {isa = PBXFileReference; lastKnownFileType = sourcecode.swift; path = PlayerViewModel.swift; sourceTree = "<group>"; };
		AB000025 /* PlayerView.swift */ = {isa = PBXFileReference; lastKnownFileType = sourcecode.swift; path = PlayerView.swift; sourceTree = "<group>"; };
		AB000026 /* LyricsView.swift */ = {isa = PBXFileReference; lastKnownFileType = sourcecode.swift; path = LyricsView.swift; sourceTree = "<group>"; };
		AB000027 /* LanguagePicker.swift */ = {isa = PBXFileReference; lastKnownFileType = sourcecode.swift; path = LanguagePicker.swift; sourceTree = "<group>"; };
		AB000028 /* ProgressBar.swift */ = {isa = PBXFileReference; lastKnownFileType = sourcecode.swift; path = ProgressBar.swift; sourceTree = "<group>"; };
		AB000020 /* TreVoci.app */ = {isa = PBXFileReference; explicitFileType = wrapper.application; includeInIndex = 0; path = TreVoci.app; sourceTree = BUILT_PRODUCTS_DIR; };
/* End PBXFileReference section */

/* Begin PBXFrameworksBuildPhase section */
		AC000001 /* Frameworks */ = {
			isa = PBXFrameworksBuildPhase;
			buildActionMask = 2147483647;
			files = (
			);
			runOnlyForDeploymentPostprocessing = 0;
		};
/* End PBXFrameworksBuildPhase section */

/* Begin PBXGroup section */
		AD000001 = {
			isa = PBXGroup;
			children = (
				AD000002 /* TreVoci */,
				AD000010 /* Products */,
			);
			sourceTree = "<group>";
		};
		AD000002 /* TreVoci */ = {
			isa = PBXGroup;
			children = (
				AB000001 /* TreVociApp.swift */,
				AD000003 /* Models */,
				AD000004 /* ViewModels */,
				AD000005 /* Views */,
				AD000006 /* Services */,
				AD000007 /* Extensions */,
				AD000008 /* Resources */,
				AD000009 /* Preview Content */,
			);
			path = TreVoci;
			sourceTree = "<group>";
		};
		AD000003 /* Models */ = {
			isa = PBXGroup;
			children = (
				AB000003 /* Language.swift */,
				AB000004 /* Song.swift */,
				AB000005 /* AppState.swift */,
			);
			path = Models;
			sourceTree = "<group>";
		};
		AD000004 /* ViewModels */ = {
			isa = PBXGroup;
			children = (
				AB000018 /* HomeViewModel.swift */,
				AB000024 /* PlayerViewModel.swift */,
			);
			path = ViewModels;
			sourceTree = "<group>";
		};
		AD000005 /* Views */ = {
			isa = PBXGroup;
			children = (
				AB000013 /* SplashView.swift */,
				AD000011 /* Onboarding */,
				AD000012 /* Home */,
				AD000013 /* Player */,
			);
			path = Views;
			sourceTree = "<group>";
		};
		AD000013 /* Player */ = {
			isa = PBXGroup;
			children = (
				AB000025 /* PlayerView.swift */,
				AB000026 /* LyricsView.swift */,
				AB000027 /* LanguagePicker.swift */,
				AB000028 /* ProgressBar.swift */,
			);
			path = Player;
			sourceTree = "<group>";
		};
		AD000012 /* Home */ = {
			isa = PBXGroup;
			children = (
				AB000019 /* HomeView.swift */,
				AB000021 /* DailyMixCard.swift */,
				AB000022 /* SongCard.swift */,
				AB000023 /* CultureSection.swift */,
			);
			path = Home;
			sourceTree = "<group>";
		};
		AD000011 /* Onboarding */ = {
			isa = PBXGroup;
			children = (
				AB000014 /* OnboardingContainer.swift */,
				AB000015 /* NameStep.swift */,
				AB000016 /* LanguageStep.swift */,
				AB000017 /* SpeakerStep.swift */,
			);
			path = Onboarding;
			sourceTree = "<group>";
		};
		AD000006 /* Services */ = {
			isa = PBXGroup;
			children = (
				AB000006 /* PersistenceService.swift */,
				AB000007 /* SongCatalogService.swift */,
				AB000011 /* AudioService.swift */,
			);
			path = Services;
			sourceTree = "<group>";
		};
		AD000007 /* Extensions */ = {
			isa = PBXGroup;
			children = (
				AB000002 /* Color+Theme.swift */,
			);
			path = Extensions;
			sourceTree = "<group>";
		};
		AD000008 /* Resources */ = {
			isa = PBXGroup;
			children = (
				AB000009 /* Assets.xcassets */,
				AB000010 /* SongCatalog.json */,
				AB000012 /* Audio */,
			);
			path = Resources;
			sourceTree = "<group>";
		};
		AD000009 /* Preview Content */ = {
			isa = PBXGroup;
			children = (
				AB000008 /* PreviewData.swift */,
			);
			path = "Preview Content";
			sourceTree = "<group>";
		};
		AD000010 /* Products */ = {
			isa = PBXGroup;
			children = (
				AB000020 /* TreVoci.app */,
			);
			name = Products;
			sourceTree = "<group>";
		};
/* End PBXGroup section */

/* Begin PBXNativeTarget section */
		AE000001 /* TreVoci */ = {
			isa = PBXNativeTarget;
			buildConfigurationList = AF000003 /* Build configuration list for PBXNativeTarget "TreVoci" */;
			buildPhases = (
				AE000002 /* Sources */,
				AC000001 /* Frameworks */,
				AE000003 /* Resources */,
			);
			buildRules = (
			);
			dependencies = (
			);
			name = TreVoci;
			productName = TreVoci;
			productReference = AB000020 /* TreVoci.app */;
			productType = "com.apple.product-type.application";
		};
/* End PBXNativeTarget section */

/* Begin PBXProject section */
		AE000010 /* Project object */ = {
			isa = PBXProject;
			attributes = {
				BuildIndependentTargetsInParallel = 1;
				LastSwiftUpdateCheck = 1600;
				LastUpgradeCheck = 1600;
				TargetAttributes = {
					AE000001 = {
						CreatedOnToolsVersion = 16.0;
					};
				};
			};
			buildConfigurationList = AF000001 /* Build configuration list for PBXProject "TreVoci" */;
			compatibilityVersion = "Xcode 14.0";
			developmentRegion = en;
			hasScannedForEncodings = 0;
			knownRegions = (
				en,
				Base,
			);
			mainGroup = AD000001;
			productRefGroup = AD000010 /* Products */;
			projectDirPath = "";
			projectRoot = "";
			targets = (
				AE000001 /* TreVoci */,
			);
		};
/* End PBXProject section */

/* Begin PBXResourcesBuildPhase section */
		AE000003 /* Resources */ = {
			isa = PBXResourcesBuildPhase;
			buildActionMask = 2147483647;
			files = (
				AA000009 /* Assets.xcassets in Resources */,
				AA000010 /* SongCatalog.json in Resources */,
				AA000012 /* Audio in Resources */,
			);
			runOnlyForDeploymentPostprocessing = 0;
		};
/* End PBXResourcesBuildPhase section */

/* Begin PBXSourcesBuildPhase section */
		AE000002 /* Sources */ = {
			isa = PBXSourcesBuildPhase;
			buildActionMask = 2147483647;
			files = (
				AA000001 /* TreVociApp.swift in Sources */,
				AA000002 /* Color+Theme.swift in Sources */,
				AA000003 /* Language.swift in Sources */,
				AA000004 /* Song.swift in Sources */,
				AA000005 /* AppState.swift in Sources */,
				AA000006 /* PersistenceService.swift in Sources */,
				AA000007 /* SongCatalogService.swift in Sources */,
				AA000008 /* PreviewData.swift in Sources */,
				AA000011 /* AudioService.swift in Sources */,
				AA000013 /* SplashView.swift in Sources */,
				AA000014 /* OnboardingContainer.swift in Sources */,
				AA000015 /* NameStep.swift in Sources */,
				AA000016 /* LanguageStep.swift in Sources */,
				AA000017 /* SpeakerStep.swift in Sources */,
				AA000018 /* HomeViewModel.swift in Sources */,
				AA000019 /* HomeView.swift in Sources */,
				AA000020 /* DailyMixCard.swift in Sources */,
				AA000021 /* SongCard.swift in Sources */,
				AA000022 /* CultureSection.swift in Sources */,
				AA000023 /* PlayerViewModel.swift in Sources */,
				AA000024 /* PlayerView.swift in Sources */,
				AA000025 /* LyricsView.swift in Sources */,
				AA000026 /* LanguagePicker.swift in Sources */,
				AA000027 /* ProgressBar.swift in Sources */,
			);
			runOnlyForDeploymentPostprocessing = 0;
		};
/* End PBXSourcesBuildPhase section */

/* Begin XCBuildConfiguration section */
		AF000010 /* Debug */ = {
			isa = XCBuildConfiguration;
			buildSettings = {
				ALWAYS_SEARCH_USER_PATHS = NO;
				ASSETCATALOG_COMPILER_GENERATE_SWIFT_ASSET_SYMBOL_EXTENSIONS = YES;
				CLANG_ANALYZER_NONNULL = YES;
				CLANG_ANALYZER_NUMBER_OBJECT_CONVERSION = YES_AGGRESSIVE;
				CLANG_CXX_LANGUAGE_STANDARD = "gnu++20";
				CLANG_ENABLE_MODULES = YES;
				CLANG_ENABLE_OBJC_ARC = YES;
				CLANG_ENABLE_OBJC_WEAK = YES;
				CLANG_WARN_BLOCK_CAPTURE_AUTORELEASING = YES;
				CLANG_WARN_BOOL_CONVERSION = YES;
				CLANG_WARN_COMMA = YES;
				CLANG_WARN_CONSTANT_CONVERSION = YES;
				CLANG_WARN_DEPRECATED_OBJC_IMPLEMENTATIONS = YES;
				CLANG_WARN_DIRECT_OBJC_ISA_USAGE = YES_ERROR;
				CLANG_WARN_DOCUMENTATION_COMMENTS = YES;
				CLANG_WARN_EMPTY_BODY = YES;
				CLANG_WARN_ENUM_CONVERSION = YES;
				CLANG_WARN_INFINITE_RECURSION = YES;
				CLANG_WARN_INT_CONVERSION = YES;
				CLANG_WARN_NON_LITERAL_NULL_CONVERSION = YES;
				CLANG_WARN_OBJC_IMPLICIT_RETAIN_SELF = YES;
				CLANG_WARN_OBJC_LITERAL_CONVERSION = YES;
				CLANG_WARN_OBJC_ROOT_CLASS = YES_ERROR;
				CLANG_WARN_QUOTED_INCLUDE_IN_FRAMEWORK_HEADER = YES;
				CLANG_WARN_RANGE_LOOP_ANALYSIS = YES;
				CLANG_WARN_STRICT_PROTOTYPES = YES;
				CLANG_WARN_SUSPICIOUS_MOVE = YES;
				CLANG_WARN_UNGUARDED_AVAILABILITY = YES_AGGRESSIVE;
				CLANG_WARN_UNREACHABLE_CODE = YES;
				CLANG_WARN__DUPLICATE_METHOD_MATCH = YES;
				COPY_PHASE_STRIP = NO;
				DEBUG_INFORMATION_FORMAT = dwarf;
				ENABLE_STRICT_OBJC_MSGSEND = YES;
				ENABLE_TESTABILITY = YES;
				ENABLE_USER_SCRIPT_SANDBOXING = YES;
				GCC_C_LANGUAGE_STANDARD = gnu17;
				GCC_DYNAMIC_NO_PIC = NO;
				GCC_NO_COMMON_BLOCKS = YES;
				GCC_OPTIMIZATION_LEVEL = 0;
				GCC_PREPROCESSOR_DEFINITIONS = (
					"DEBUG=1",
					"$(inherited)",
				);
				GCC_WARN_64_TO_32_BIT_CONVERSION = YES;
				GCC_WARN_ABOUT_RETURN_TYPE = YES_ERROR;
				GCC_WARN_UNDECLARED_SELECTOR = YES;
				GCC_WARN_UNINITIALIZED_AUTOS = YES_AGGRESSIVE;
				GCC_WARN_UNUSED_FUNCTION = YES;
				GCC_WARN_UNUSED_VARIABLE = YES;
				IPHONEOS_DEPLOYMENT_TARGET = 17.0;
				MTL_ENABLE_DEBUG_INFO = INCLUDE_SOURCE;
				MTL_FAST_MATH = YES;
				ONLY_ACTIVE_ARCH = YES;
				SDKROOT = iphoneos;
				SWIFT_ACTIVE_COMPILATION_CONDITIONS = "DEBUG $(inherited)";
				SWIFT_OPTIMIZATION_LEVEL = "-Onone";
			};
			name = Debug;
		};
		AF000011 /* Release */ = {
			isa = XCBuildConfiguration;
			buildSettings = {
				ALWAYS_SEARCH_USER_PATHS = NO;
				ASSETCATALOG_COMPILER_GENERATE_SWIFT_ASSET_SYMBOL_EXTENSIONS = YES;
				CLANG_ANALYZER_NONNULL = YES;
				CLANG_ANALYZER_NUMBER_OBJECT_CONVERSION = YES_AGGRESSIVE;
				CLANG_CXX_LANGUAGE_STANDARD = "gnu++20";
				CLANG_ENABLE_MODULES = YES;
				CLANG_ENABLE_OBJC_ARC = YES;
				CLANG_ENABLE_OBJC_WEAK = YES;
				CLANG_WARN_BLOCK_CAPTURE_AUTORELEASING = YES;
				CLANG_WARN_BOOL_CONVERSION = YES;
				CLANG_WARN_COMMA = YES;
				CLANG_WARN_CONSTANT_CONVERSION = YES;
				CLANG_WARN_DEPRECATED_OBJC_IMPLEMENTATIONS = YES;
				CLANG_WARN_DIRECT_OBJC_ISA_USAGE = YES_ERROR;
				CLANG_WARN_DOCUMENTATION_COMMENTS = YES;
				CLANG_WARN_EMPTY_BODY = YES;
				CLANG_WARN_ENUM_CONVERSION = YES;
				CLANG_WARN_INFINITE_RECURSION = YES;
				CLANG_WARN_INT_CONVERSION = YES;
				CLANG_WARN_NON_LITERAL_NULL_CONVERSION = YES;
				CLANG_WARN_OBJC_IMPLICIT_RETAIN_SELF = YES;
				CLANG_WARN_OBJC_LITERAL_CONVERSION = YES;
				CLANG_WARN_OBJC_ROOT_CLASS = YES_ERROR;
				CLANG_WARN_QUOTED_INCLUDE_IN_FRAMEWORK_HEADER = YES;
				CLANG_WARN_RANGE_LOOP_ANALYSIS = YES;
				CLANG_WARN_STRICT_PROTOTYPES = YES;
				CLANG_WARN_SUSPICIOUS_MOVE = YES;
				CLANG_WARN_UNGUARDED_AVAILABILITY = YES_AGGRESSIVE;
				CLANG_WARN_UNREACHABLE_CODE = YES;
				CLANG_WARN__DUPLICATE_METHOD_MATCH = YES;
				COPY_PHASE_STRIP = NO;
				DEBUG_INFORMATION_FORMAT = "dwarf-with-dsym";
				ENABLE_NS_ASSERTIONS = NO;
				ENABLE_STRICT_OBJC_MSGSEND = YES;
				ENABLE_USER_SCRIPT_SANDBOXING = YES;
				GCC_C_LANGUAGE_STANDARD = gnu17;
				GCC_NO_COMMON_BLOCKS = YES;
				GCC_WARN_64_TO_32_BIT_CONVERSION = YES;
				GCC_WARN_ABOUT_RETURN_TYPE = YES_ERROR;
				GCC_WARN_UNDECLARED_SELECTOR = YES;
				GCC_WARN_UNINITIALIZED_AUTOS = YES_AGGRESSIVE;
				GCC_WARN_UNUSED_FUNCTION = YES;
				GCC_WARN_UNUSED_VARIABLE = YES;
				IPHONEOS_DEPLOYMENT_TARGET = 17.0;
				MTL_ENABLE_DEBUG_INFO = NO;
				MTL_FAST_MATH = YES;
				SDKROOT = iphoneos;
				SWIFT_COMPILATION_MODE = wholemodule;
				VALIDATE_PRODUCT = YES;
			};
			name = Release;
		};
		AF000020 /* Debug */ = {
			isa = XCBuildConfiguration;
			buildSettings = {
				ASSETCATALOG_COMPILER_APPICON_NAME = AppIcon;
				ASSETCATALOG_COMPILER_GLOBAL_ACCENT_COLOR_NAME = AccentColor;
				CODE_SIGN_STYLE = Automatic;
				CURRENT_PROJECT_VERSION = 1;
				DEVELOPMENT_ASSET_PATHS = "\"TreVoci/Preview Content\"";
				ENABLE_PREVIEWS = YES;
				GENERATE_INFOPLIST_FILE = YES;
				INFOPLIST_KEY_CFBundleDisplayName = "Tre Voci";
				INFOPLIST_KEY_UIApplicationSceneManifest_Generation = YES;
				INFOPLIST_KEY_UIApplicationSupportsIndirectInputEvents = YES;
				INFOPLIST_KEY_UILaunchScreen_Generation = YES;
				INFOPLIST_KEY_UISupportedInterfaceOrientations = UIInterfaceOrientationPortrait;
				INFOPLIST_KEY_UISupportedInterfaceOrientations_iPad = "UIInterfaceOrientationPortrait UIInterfaceOrientationPortraitUpsideDown";
				LD_RUNPATH_SEARCH_PATHS = (
					"$(inherited)",
					"@executable_path/Frameworks",
				);
				MARKETING_VERSION = 1.0;
				PRODUCT_BUNDLE_IDENTIFIER = com.trevoci.app;
				PRODUCT_NAME = "$(TARGET_NAME)";
				SUPPORTED_PLATFORMS = "iphoneos iphonesimulator";
				SUPPORTS_MACCATALYST = NO;
				SWIFT_EMIT_LOC_STRINGS = YES;
				SWIFT_VERSION = 6.0;
				TARGETED_DEVICE_FAMILY = "1,2";
			};
			name = Debug;
		};
		AF000021 /* Release */ = {
			isa = XCBuildConfiguration;
			buildSettings = {
				ASSETCATALOG_COMPILER_APPICON_NAME = AppIcon;
				ASSETCATALOG_COMPILER_GLOBAL_ACCENT_COLOR_NAME = AccentColor;
				CODE_SIGN_STYLE = Automatic;
				CURRENT_PROJECT_VERSION = 1;
				DEVELOPMENT_ASSET_PATHS = "\"TreVoci/Preview Content\"";
				ENABLE_PREVIEWS = YES;
				GENERATE_INFOPLIST_FILE = YES;
				INFOPLIST_KEY_CFBundleDisplayName = "Tre Voci";
				INFOPLIST_KEY_UIApplicationSceneManifest_Generation = YES;
				INFOPLIST_KEY_UIApplicationSupportsIndirectInputEvents = YES;
				INFOPLIST_KEY_UILaunchScreen_Generation = YES;
				INFOPLIST_KEY_UISupportedInterfaceOrientations = UIInterfaceOrientationPortrait;
				INFOPLIST_KEY_UISupportedInterfaceOrientations_iPad = "UIInterfaceOrientationPortrait UIInterfaceOrientationPortraitUpsideDown";
				LD_RUNPATH_SEARCH_PATHS = (
					"$(inherited)",
					"@executable_path/Frameworks",
				);
				MARKETING_VERSION = 1.0;
				PRODUCT_BUNDLE_IDENTIFIER = com.trevoci.app;
				PRODUCT_NAME = "$(TARGET_NAME)";
				SUPPORTED_PLATFORMS = "iphoneos iphonesimulator";
				SUPPORTS_MACCATALYST = NO;
				SWIFT_EMIT_LOC_STRINGS = YES;
				SWIFT_VERSION = 6.0;
				TARGETED_DEVICE_FAMILY = "1,2";
			};
			name = Release;
		};
/* End XCBuildConfiguration section */

/* Begin XCConfigurationList section */
		AF000001 /* Build configuration list for PBXProject "TreVoci" */ = {
			isa = XCConfigurationList;
			buildConfigurations = (
				AF000010 /* Debug */,
				AF000011 /* Release */,
			);
			defaultConfigurationIsVisible = 0;
			defaultConfigurationName = Release;
		};
		AF000003 /* Build configuration list for PBXNativeTarget "TreVoci" */ = {
			isa = XCConfigurationList;
			buildConfigurations = (
				AF000020 /* Debug */,
				AF000021 /* Release */,
			);
			defaultConfigurationIsVisible = 0;
			defaultConfigurationName = Release;
		};
/* End XCConfigurationList section */

	};
	rootObject = AE000010 /* Project object */;
}
